
Microsoft Visual Studio Solution File, Format Version 12.00
# Visual Studio Version 17
VisualStudioVersion = 17.3.32901.215
MinimumVisualStudioVersion = 10.0.40219.1
Project("{FAE04EC0-301F-11D3-BF4B-00C04F79EFBC}") = "CA220921", "CA220921.csproj", "{A3D2DA66-8EA9-4907-B6D2-5CE6747424B3}"
EndProject
Global
	GlobalSection(SolutionConfigurationPlatforms) = preSolution
		Debug|Any CPU = Debug|Any CPU
		Release|Any CPU = Release|Any CPU
	EndGlobalSection
	GlobalSection(ProjectConfigurationPlatforms) = postSolution
		{A3D2DA66-8EA9-4907-B6D2-5CE6747424B3}.Debug|Any CPU.ActiveCfg = Debug|Any CPU
		{A3D2DA66-8EA9-4907-B6D2-5CE6747424B3}.Debug|Any CPU.Build.0 = Debug|Any CPU
		{A3D2DA66-8EA9-4907-B6D2-5CE6747424B3}.Release|Any CPU.ActiveCfg = Release|Any CPU
		{A3D2DA66-8EA9-4907-B6D2-5CE6747424B3}.Release|Any CPU.Build.0 = Release|Any CPU
	EndGlobalSection
	GlobalSection(SolutionProperties) = preSolution
		HideSolutionNode = FALSE
	EndGlobalSection
	GlobalSection(ExtensibilityGlobals) = postSolution
		SolutionGuid = {70638D67-3276-4B8B-9322-4495426F0A00}
	EndGlobalSection
EndGlobal
